# THIS IS AN AUTOGENERATED FILE. DO NOT EDIT THIS FILE DIRECTLY.
# yarn lockfile v1


"@fortawesome/fontawesome-free@^5.13.0":
  version "5.13.0"
  resolved "https://registry.yarnpkg.com/@fortawesome/fontawesome-free/-/fontawesome-free-5.13.0.tgz#fcb113d1aca4b471b709e8c9c168674fbd6e06d9"
  integrity sha512-xKOeQEl5O47GPZYIMToj6uuA2syyFlq9EMSl2ui0uytjY9xbe8XS0pexNWmxrdcCyNGyDmLyYw5FtKsalBUeOg==

abort-controller@3.0.0:
  version "3.0.0"
  resolved "https://registry.yarnpkg.com/abort-controller/-/abort-controller-3.0.0.tgz#eaf54d53b62bae4138e809ca225c8439a6efb392"
  integrity sha512-h8lQ8tacZYnR3vNQTgibj+tODHI5/+l06Au2Pcriv/Gmet0eaj4TwWH41sO9wnHDiQsEj19q0drzdWdeAHtweg==
  dependencies:
    event-target-shim "^5.0.0"

abstract-leveldown@^6.2.1, abstract-leveldown@~6.2.1:
  version "6.2.2"
  resolved "https://registry.yarnpkg.com/abstract-leveldown/-/abstract-leveldown-6.2.2.tgz#677425beeb28204367c7639e264e93ea4b49971a"
  integrity sha512-/a+Iwj0rn//CX0EJOasNyZJd2o8xur8Ce9C57Sznti/Ilt/cb6Qd8/k98A4ZOklXgTG+iAYYUs1OTG0s1eH+zQ==
  dependencies:
    level-concat-iterator "~2.0.0"
    level-supports "~1.0.0"
    xtend "~4.0.0"

abstract-leveldown@~6.0.0:
  version "6.0.3"
  resolved "https://registry.yarnpkg.com/abstract-leveldown/-/abstract-leveldown-6.0.3.tgz#b4b6159343c74b0c5197b2817854782d8f748c4a"
  integrity sha512-jzewKKpZbaYUa6HTThnrl+GrJhzjEAeuc7hTVpZdzg7kupXZFoqQDFwyOwLNbmJKJlmzw8yiipMPkDiuKkT06Q==
  dependencies:
    level-concat-iterator "~2.0.0"
    xtend "~4.0.0"

argsarray@0.0.1:
  version "0.0.1"
  resolved "https://registry.yarnpkg.com/argsarray/-/argsarray-0.0.1.tgz#6e7207b4ecdb39b0af88303fa5ae22bda8df61cb"
  integrity sha1-bnIHtOzbObCviDA/pa4ivajfYcs=

bootstrap@^4.4.1:
  version "4.4.1"
  resolved "https://registry.yarnpkg.com/bootstrap/-/bootstrap-4.4.1.tgz#8582960eea0c5cd2bede84d8b0baf3789c3e8b01"
  integrity sha512-tbx5cHubwE6e2ZG7nqM3g/FZ5PQEDMWmMGNrCUBVRPHXTJaH7CBDdsLeu3eCh3B1tzAxTnAbtmrzvWEvT2NNEA==

buffer-from@1.1.0:
  version "1.1.0"
  resolved "https://registry.yarnpkg.com/buffer-from/-/buffer-from-1.1.0.tgz#87fcaa3a298358e0ade6e442cfce840740d1ad04"
  integrity sha512-c5mRlguI/Pe2dSZmpER62rSCu0ryKmWddzRYsuXc50U2/g8jMOulc31VZMa4mYx31U5xsmSOpDCgH88Vl9cDGQ==

clone-buffer@1.0.0:
  version "1.0.0"
  resolved "https://registry.yarnpkg.com/clone-buffer/-/clone-buffer-1.0.0.tgz#e3e25b207ac4e701af721e2cb5a16792cac3dc58"
  integrity sha1-4+JbIHrE5wGvch4staFnksrD3Fg=

core-util-is@~1.0.0:
  version "1.0.2"
  resolved "https://registry.yarnpkg.com/core-util-is/-/core-util-is-1.0.2.tgz#b5fd54220aa2bc5ab57aab7140c940754503c1a7"
  integrity sha1-tf1UIgqivFq1eqtxQMlAdUUDwac=

datatables.net-bs4@^1.10.15, datatables.net-bs4@^1.10.20:
  version "1.10.20"
  resolved "https://registry.yarnpkg.com/datatables.net-bs4/-/datatables.net-bs4-1.10.20.tgz#beff1c8d3510826c0678eaa055270607c0e53882"
  integrity sha512-kQmMUMsHMOlAW96ztdoFqjSbLnlGZQ63iIM82kHbmldsfYdzuyhbb4hTx6YNBi481WCO3iPSvI6YodNec46ZAw==
  dependencies:
    datatables.net "1.10.20"
    jquery ">=1.7"

datatables.net-buttons-bs4@^1.6.1:
  version "1.6.1"
  resolved "https://registry.yarnpkg.com/datatables.net-buttons-bs4/-/datatables.net-buttons-bs4-1.6.1.tgz#4abd9c83fbd753ffa4913adca1fae094df64b3ba"
  integrity sha512-PdE1vrnRIeX+p++wnbpdnr97kgTCs+DDomtTccsQvMrFm29lxVa7uTz1awasfGRrCrJzpb5HjPrPJBzbGHrUyg==
  dependencies:
    datatables.net-bs4 "^1.10.15"
    datatables.net-buttons "1.6.1"
    jquery ">=1.7"

datatables.net-buttons@1.6.1:
  version "1.6.1"
  resolved "https://registry.yarnpkg.com/datatables.net-buttons/-/datatables.net-buttons-1.6.1.tgz#f62847e7c6f905fcf7339e7541a40741bbb3b8fb"
  integrity sha512-Lcgvi/xGB2X0jr1n/uQMmg43Z1JQO6aaGjPHO+sAQAMfBGBi9cK1hhfM4Vg8gzC5fz3sW4QrtjAdKvOPnQ1A3w==
  dependencies:
    datatables.net "^1.10.15"
    jquery ">=1.7"

datatables.net-fixedcolumns-bs4@^3.3.0:
  version "3.3.0"
  resolved "https://registry.yarnpkg.com/datatables.net-fixedcolumns-bs4/-/datatables.net-fixedcolumns-bs4-3.3.0.tgz#15fc5e6cc7ccf5c60bbebe47185476b699a43e40"
  integrity sha512-X6EVk0Y5pE4yfCM+Igk1nUrBu1ou1abyldWERqs0mc/x95TFPTc0pqy5XEb/bxvzi0oyYNR2Pojq4j48uLK+iQ==
  dependencies:
    datatables.net-bs4 "^1.10.15"
    datatables.net-fixedcolumns "3.3.0"
    jquery ">=1.7"

datatables.net-fixedcolumns@3.3.0:
  version "3.3.0"
  resolved "https://registry.yarnpkg.com/datatables.net-fixedcolumns/-/datatables.net-fixedcolumns-3.3.0.tgz#885b35b7f155ff5e08e1532e23363f14050bb1af"
  integrity sha512-+/LJKQyOlUb7j9mD8oCDs5pd6egi1zPI65YaXPwKlwYlX+fI4BNkHhGwmxCrCDM2nS6/2tA59OuNkfLNCKlx1Q==
  dependencies:
    datatables.net "^1.10.15"
    jquery ">=1.7"

datatables.net-fixedheader-bs4@^3.1.6:
  version "3.1.6"
  resolved "https://registry.yarnpkg.com/datatables.net-fixedheader-bs4/-/datatables.net-fixedheader-bs4-3.1.6.tgz#d1b12981bf127cfef658a0a742719aaeac6894eb"
  integrity sha512-mat50UvCNhE5E2jhqEAO07LJ7I++pxFwpbNUfVtuFg866Tf3uHAKHgsXnsXW8kqiER931g4LbxO28axyquj1tw==
  dependencies:
    datatables.net-bs4 "^1.10.15"
    datatables.net-fixedheader "3.1.6"
    jquery ">=1.7"

datatables.net-fixedheader@3.1.6:
  version "3.1.6"
  resolved "https://registry.yarnpkg.com/datatables.net-fixedheader/-/datatables.net-fixedheader-3.1.6.tgz#b139b88a213460dbeca5080c6251e81575697188"
  integrity sha512-EMx2JogtXEQObaF7ylgB+pY4/vWhu/plTZNf5EvNMAboRha6FT4+14CHIyARVM/bjySPU+6advtft02pW3KxJg==
  dependencies:
    datatables.net "^1.10.15"
    jquery ">=1.7"

datatables.net-responsive-bs4@^2.2.3:
  version "2.2.3"
  resolved "https://registry.yarnpkg.com/datatables.net-responsive-bs4/-/datatables.net-responsive-bs4-2.2.3.tgz#639de17c1d31210ebf2b3c25f1c774c13f729e94"
  integrity sha512-SQaWI0uLuPcaiBBin9zX+MuQfTSIkK1bYxbXqUV6NLkHCVa6PMQK7Rvftj0ywG4R7uOtjbzY8nSVqxEKvQI0Vg==
  dependencies:
    datatables.net-bs4 "^1.10.15"
    datatables.net-responsive "2.2.3"
    jquery ">=1.7"

datatables.net-responsive@2.2.3:
  version "2.2.3"
  resolved "https://registry.yarnpkg.com/datatables.net-responsive/-/datatables.net-responsive-2.2.3.tgz#50a2b1b4955b16b32f573a3f00f473b0bfbee913"
  integrity sha512-8D6VtZcyuH3FG0Hn5A4LPZQEOX3+HrRFM7HjpmsQc/nQDBbdeBLkJX4Sh/o1nzFTSneuT1Wh/lYZHVPpjcN+Sw==
  dependencies:
    datatables.net "^1.10.15"
    jquery ">=1.7"

datatables.net-scroller-bs4@^2.0.1:
  version "2.0.1"
  resolved "https://registry.yarnpkg.com/datatables.net-scroller-bs4/-/datatables.net-scroller-bs4-2.0.1.tgz#aa7d33eee1cd26e03c6e5598116292d91874acae"
  integrity sha512-NMZNU36aAfNYmryZz8j5EsO6mnUxoyx+5j8PxSNfyrNhMVFtFmSCRJrWNfmfYN5zpOe3/XgjbXytaD5LdWHszg==
  dependencies:
    datatables.net-bs4 "^1.10.15"
    datatables.net-scroller "2.0.1"
    jquery ">=1.7"

datatables.net-scroller@2.0.1:
  version "2.0.1"
  resolved "https://registry.yarnpkg.com/datatables.net-scroller/-/datatables.net-scroller-2.0.1.tgz#17040d3f1da9b4e174729b6b7f0e36b6bf818adc"
  integrity sha512-FnbJXT1Zu8FVK+wXcMuEVyFJkLXDi65i+jPCSVH2ZkNSPp+mfeBVtZH41MLGspNouP/IdudKIoCXzPNR/+OhpQ==
  dependencies:
    datatables.net "^1.10.15"
    jquery ">=1.7"

datatables.net-select-bs4@^1.3.1:
  version "1.3.1"
  resolved "https://registry.yarnpkg.com/datatables.net-select-bs4/-/datatables.net-select-bs4-1.3.1.tgz#1c39c7fd5bfb66b5c8402611c2c64fc47e3cfca4"
  integrity sha512-8UOBxChTsn24nP/ZOsIMGZOdTJymQZ8WcQ81NcGgyDz6b4JlsQl8Bwb89AcVT7hncMquPJ3d5WUGG4I9WMhAlw==
  dependencies:
    datatables.net-bs4 "^1.10.15"
    datatables.net-select "1.3.1"
    jquery ">=1.7"

datatables.net-select@1.3.1:
  version "1.3.1"
  resolved "https://registry.yarnpkg.com/datatables.net-select/-/datatables.net-select-1.3.1.tgz#ec2c3ad7df2bc9c13c09587d0bfd0ceba52a8bff"
  integrity sha512-PeVd/hlAX58QzL0+mGvxnXP7ylLtzZMeAots/uZkQi+6c/KI6JuP8LCJoEMHAsSjQM/BnG7Uw8E1YGOz1tZpQQ==
  dependencies:
    datatables.net "^1.10.15"
    jquery ">=1.7"

datatables.net@1.10.20, datatables.net@^1.10.15:
  version "1.10.20"
  resolved "https://registry.yarnpkg.com/datatables.net/-/datatables.net-1.10.20.tgz#9d65ecc3c83cbe7baa4fa5a053405c8fe42c1350"
  integrity sha512-4E4S7tTU607N3h0fZPkGmAtr9mwy462u+VJ6gxYZ8MxcRIjZqHy3Dv1GNry7i3zQCktTdWbULVKBbkAJkuHEnQ==
  dependencies:
    jquery ">=1.7"

deferred-leveldown@~5.1.0:
  version "5.1.0"
  resolved "https://registry.yarnpkg.com/deferred-leveldown/-/deferred-leveldown-5.1.0.tgz#c21e40641a8e48530255a4ad31371cc7fe76b332"
  integrity sha512-PvDY+BT2ONu2XVRgxHb77hYelLtMYxKSGuWuJJdVRXh9ntqx9GYTFJno/SKAz5xcd+yjQwyQeIZrUPjPvA52mg==
  dependencies:
    abstract-leveldown "~6.0.0"
    inherits "^2.0.3"

deferred-leveldown@~5.3.0:
  version "5.3.0"
  resolved "https://registry.yarnpkg.com/deferred-leveldown/-/deferred-leveldown-5.3.0.tgz#27a997ad95408b61161aa69bd489b86c71b78058"
  integrity sha512-a59VOT+oDy7vtAbLRCZwWgxu2BaCfd5Hk7wxJd48ei7I+nsg8Orlb9CLG0PMZienk9BSUKgeAqkO2+Lw+1+Ukw==
  dependencies:
    abstract-leveldown "~6.2.1"
    inherits "^2.0.3"

double-ended-queue@2.1.0-0:
  version "2.1.0-0"
  resolved "https://registry.yarnpkg.com/double-ended-queue/-/double-ended-queue-2.1.0-0.tgz#103d3527fd31528f40188130c841efdd78264e5c"
  integrity sha1-ED01J/0xUo9AGIEwyEHv3XgmTlw=

encoding-down@^6.3.0:
  version "6.3.0"
  resolved "https://registry.yarnpkg.com/encoding-down/-/encoding-down-6.3.0.tgz#b1c4eb0e1728c146ecaef8e32963c549e76d082b"
  integrity sha512-QKrV0iKR6MZVJV08QY0wp1e7vF6QbhnbQhb07bwpEyuz4uZiZgPlEGdkCROuFkUwdxlFaiPIhjyarH1ee/3vhw==
  dependencies:
    abstract-leveldown "^6.2.1"
    inherits "^2.0.3"
    level-codec "^9.0.0"
    level-errors "^2.0.0"

end-stream@~0.1.0:
  version "0.1.0"
  resolved "https://registry.yarnpkg.com/end-stream/-/end-stream-0.1.0.tgz#32003f3f438a2b0143168137f8fa6e9866c81ed5"
  integrity sha1-MgA/P0OKKwFDFoE3+PpumGbIHtU=
  dependencies:
    write-stream "~0.4.3"

errno@~0.1.1:
  version "0.1.7"
  resolved "https://registry.yarnpkg.com/errno/-/errno-0.1.7.tgz#4684d71779ad39af177e3f007996f7c67c852618"
  integrity sha512-MfrRBDWzIWifgq6tJj60gkAwtLNb6sQPlcFrSOflcP1aFmmruKQ2wRnze/8V6kgyz7H3FF8Npzv78mZ7XLLflg==
  dependencies:
    prr "~1.0.1"

es6-denodeify@^0.1.1:
  version "0.1.5"
  resolved "https://registry.yarnpkg.com/es6-denodeify/-/es6-denodeify-0.1.5.tgz#31d4d5fe9c5503e125460439310e16a2a3f39c1f"
  integrity sha1-MdTV/pxVA+ElRgQ5MQ4WoqPznB8=

event-target-shim@^5.0.0:
  version "5.0.1"
  resolved "https://registry.yarnpkg.com/event-target-shim/-/event-target-shim-5.0.1.tgz#5d4d3ebdf9583d63a5333ce2deb7480ab2b05789"
  integrity sha512-i/2XbnSz/uxRCU6+NdVJgKWDTM427+MqYbkQzD321DuCQJUqOuJKIA0IM2+W2xtYHdKOmZ4dR6fExsd4SXL+WQ==

fetch-cookie@0.7.3:
  version "0.7.3"
  resolved "https://registry.yarnpkg.com/fetch-cookie/-/fetch-cookie-0.7.3.tgz#b8d023f421dd2b2f4a0eca9cd7318a967ed4eed8"
  integrity sha512-rZPkLnI8x5V+zYAiz8QonAHsTb4BY+iFowFBI1RFn0zrO343AVp9X7/yUj/9wL6Ef/8fLls8b/vGtzUvmyAUGA==
  dependencies:
    es6-denodeify "^0.1.1"
    tough-cookie "^2.3.3"

immediate@3.0.6:
  version "3.0.6"
  resolved "https://registry.yarnpkg.com/immediate/-/immediate-3.0.6.tgz#9db1dbd0faf8de6fbe0f5dd5e56bb606280de69b"
  integrity sha1-nbHb0Pr43m++D13V5Wu2BigN5ps=

immediate@~3.2.3:
  version "3.2.3"
  resolved "https://registry.yarnpkg.com/immediate/-/immediate-3.2.3.tgz#d140fa8f614659bd6541233097ddaac25cdd991c"
  integrity sha1-0UD6j2FGWb1lQSMwl92qwlzdmRw=

inherits@2.0.4, inherits@^2.0.3, inherits@^2.0.4, inherits@~2.0.1:
  version "2.0.4"
  resolved "https://registry.yarnpkg.com/inherits/-/inherits-2.0.4.tgz#0fa2c64f932917c3433a0ded55363aae37416b7c"
  integrity sha512-k/vGaX4/Yla3WzyMCvTQOXYeIHvqOKtnqBduzTHpzpQZzAskKMhZ2K+EnBiSM9zGSoIFeMpXKxa4dYeZIQqewQ==

isarray@0.0.1:
  version "0.0.1"
  resolved "https://registry.yarnpkg.com/isarray/-/isarray-0.0.1.tgz#8a18acfca9a8f4177e09abfc6038939b05d1eedf"
  integrity sha1-ihis/Kmo9Bd+Cav8YDiTmwXR7t8=

jquery@>=1.7:
  version "3.4.1"
  resolved "https://registry.yarnpkg.com/jquery/-/jquery-3.4.1.tgz#714f1f8d9dde4bdfa55764ba37ef214630d80ef2"
  integrity sha512-36+AdBzCL+y6qjw5Tx7HgzeGCzC81MDDgaUP8ld2zhx58HdqXGoBd+tHdrBMiyjGQs0Hxs/MLZTu/eHNJJuWPw==

level-codec@9.0.1, level-codec@^9.0.0:
  version "9.0.1"
  resolved "https://registry.yarnpkg.com/level-codec/-/level-codec-9.0.1.tgz#042f4aa85e56d4328ace368c950811ba802b7247"
  integrity sha512-ajFP0kJ+nyq4i6kptSM+mAvJKLOg1X5FiFPtLG9M5gCEZyBmgDi3FkDrvlMkEzrUn1cWxtvVmrvoS4ASyO/q+Q==

level-concat-iterator@~2.0.0:
  version "2.0.1"
  resolved "https://registry.yarnpkg.com/level-concat-iterator/-/level-concat-iterator-2.0.1.tgz#1d1009cf108340252cb38c51f9727311193e6263"
  integrity sha512-OTKKOqeav2QWcERMJR7IS9CUo1sHnke2C0gkSmcR7QuEtFNLLzHQAvnMw8ykvEcv0Qtkg0p7FOwP1v9e5Smdcw==

level-errors@^2.0.0, level-errors@~2.0.0:
  version "2.0.1"
  resolved "https://registry.yarnpkg.com/level-errors/-/level-errors-2.0.1.tgz#2132a677bf4e679ce029f517c2f17432800c05c8"
  integrity sha512-UVprBJXite4gPS+3VznfgDSU8PTRuVX0NXwoWW50KLxd2yw4Y1t2JUR5In1itQnudZqRMT9DlAM3Q//9NCjCFw==
  dependencies:
    errno "~0.1.1"

level-iterator-stream@~4.0.0:
  version "4.0.2"
  resolved "https://registry.yarnpkg.com/level-iterator-stream/-/level-iterator-stream-4.0.2.tgz#7ceba69b713b0d7e22fcc0d1f128ccdc8a24f79c"
  integrity sha512-ZSthfEqzGSOMWoUGhTXdX9jv26d32XJuHz/5YnuHZzH6wldfWMOVwI9TBtKcya4BKTyTt3XVA0A3cF3q5CY30Q==
  dependencies:
    inherits "^2.0.4"
    readable-stream "^3.4.0"
    xtend "^4.0.2"

level-js@^5.0.0:
  version "5.0.1"
  resolved "https://registry.yarnpkg.com/level-js/-/level-js-5.0.1.tgz#c68f8e55c3331bcba1f5b448b5cc833f21c68628"
  integrity sha512-Jse0/UP2qFl2YN8HISnxwQIRHNM3vJLafkTKjw4tZs9Vi8VGUFVmGvg/WMn5To/6KHyYJTXZvUzuouoaZuPGXA==
  dependencies:
    abstract-leveldown "~6.2.1"
    immediate "~3.2.3"
    inherits "^2.0.3"
    ltgt "^2.1.2"

level-packager@^5.1.0:
  version "5.1.1"
  resolved "https://registry.yarnpkg.com/level-packager/-/level-packager-5.1.1.tgz#323ec842d6babe7336f70299c14df2e329c18939"
  integrity sha512-HMwMaQPlTC1IlcwT3+swhqf/NUO+ZhXVz6TY1zZIIZlIR0YSn8GtAAWmIvKjNY16ZkEg/JcpAuQskxsXqC0yOQ==
  dependencies:
    encoding-down "^6.3.0"
    levelup "^4.3.2"

level-supports@~1.0.0:
  version "1.0.1"
  resolved "https://registry.yarnpkg.com/level-supports/-/level-supports-1.0.1.tgz#2f530a596834c7301622521988e2c36bb77d122d"
  integrity sha512-rXM7GYnW8gsl1vedTJIbzOrRv85c/2uCMpiiCzO2fndd06U/kUXEEU9evYn4zFggBOg36IsBW8LzqIpETwwQzg==
  dependencies:
    xtend "^4.0.2"

level-write-stream@1.0.0:
  version "1.0.0"
  resolved "https://registry.yarnpkg.com/level-write-stream/-/level-write-stream-1.0.0.tgz#3f7fbb679a55137c0feb303dee766e12ee13c1dc"
  integrity sha1-P3+7Z5pVE3wP6zA97nZuEu4Twdw=
  dependencies:
    end-stream "~0.1.0"

level@6.0.0:
  version "6.0.0"
  resolved "https://registry.yarnpkg.com/level/-/level-6.0.0.tgz#d216fb9b9c3940bcec15c5880d8da775ca086c5c"
  integrity sha512-3oAi7gXLLNr7pHj8c4vbI6lHkXf35m8qb7zWMrNTrOax6CXBVggQAwL1xnC/1CszyYrW3BsLXsY5TMgTxtKfFA==
  dependencies:
    level-js "^5.0.0"
    level-packager "^5.1.0"
    leveldown "^5.4.0"
    opencollective-postinstall "^2.0.0"

leveldown@5.4.1:
  version "5.4.1"
  resolved "https://registry.yarnpkg.com/leveldown/-/leveldown-5.4.1.tgz#83a8fdd9bb52b1ed69be2ef59822b6cdfcdb51ec"
  integrity sha512-3lMPc7eU3yj5g+qF1qlALInzIYnkySIosR1AsUKFjL9D8fYbTLuENBAeDRZXIG4qeWOAyqRItOoLu2v2avWiMA==
  dependencies:
    abstract-leveldown "~6.2.1"
    napi-macros "~2.0.0"
    node-gyp-build "~4.1.0"

leveldown@^5.4.0:
  version "5.6.0"
  resolved "https://registry.yarnpkg.com/leveldown/-/leveldown-5.6.0.tgz#16ba937bb2991c6094e13ac5a6898ee66d3eee98"
  integrity sha512-iB8O/7Db9lPaITU1aA2txU/cBEXAt4vWwKQRrrWuS6XDgbP4QZGj9BL2aNbwb002atoQ/lIotJkfyzz+ygQnUQ==
  dependencies:
    abstract-leveldown "~6.2.1"
    napi-macros "~2.0.0"
    node-gyp-build "~4.1.0"

levelup@4.1.0:
  version "4.1.0"
  resolved "https://registry.yarnpkg.com/levelup/-/levelup-4.1.0.tgz#49ab5d3a341731cd102f91c6bc17a1acb1969a17"
  integrity sha512-+Qhe2/jb5affN7BeFgWUUWVdYoGXO2nFS3QLEZKZynnQyP9xqA+7wgOz3fD8SST2UKpHQuZgjyJjTcB2nMl2dQ==
  dependencies:
    deferred-leveldown "~5.1.0"
    level-errors "~2.0.0"
    level-iterator-stream "~4.0.0"
    xtend "~4.0.0"

levelup@^4.3.2:
  version "4.3.2"
  resolved "https://registry.yarnpkg.com/levelup/-/levelup-4.3.2.tgz#31c5b1b29f146d1d35d692e01a6da4d28fa55ebd"
  integrity sha512-cRTjU4ktWo59wf13PHEiOayHC3n0dOh4i5+FHr4tv4MX9+l7mqETicNq3Aj07HKlLdk0z5muVoDL2RD+ovgiyA==
  dependencies:
    deferred-leveldown "~5.3.0"
    level-errors "~2.0.0"
    level-iterator-stream "~4.0.0"
    level-supports "~1.0.0"
    xtend "~4.0.0"

ltgt@2.2.1, ltgt@^2.1.2:
  version "2.2.1"
  resolved "https://registry.yarnpkg.com/ltgt/-/ltgt-2.2.1.tgz#f35ca91c493f7b73da0e07495304f17b31f87ee5"
  integrity sha1-81ypHEk/e3PaDgdJUwTxezH4fuU=

moment@^2.24.0:
  version "2.24.0"
  resolved "https://registry.yarnpkg.com/moment/-/moment-2.24.0.tgz#0d055d53f5052aa653c9f6eb68bb5d12bf5c2b5b"
  integrity sha512-bV7f+6l2QigeBBZSM/6yTNq4P2fNpSWj/0e7jQcy87A8e7o2nAfP/34/2ky5Vw4B9S446EtIhodAzkFCcR4dQg==

napi-macros@~2.0.0:
  version "2.0.0"
  resolved "https://registry.yarnpkg.com/napi-macros/-/napi-macros-2.0.0.tgz#2b6bae421e7b96eb687aa6c77a7858640670001b"
  integrity sha512-A0xLykHtARfueITVDernsAWdtIMbOJgKgcluwENp3AlsKN/PloyO10HtmoqnFAQAcxPkgZN7wdfPfEd0zNGxbg==

node-fetch@2.4.1:
  version "2.4.1"
  resolved "https://registry.yarnpkg.com/node-fetch/-/node-fetch-2.4.1.tgz#b2e38f1117b8acbedbe0524f041fb3177188255d"
  integrity sha512-P9UbpFK87NyqBZzUuDBDz4f6Yiys8xm8j7ACDbi6usvFm6KItklQUKjeoqTrYS/S1k6I8oaOC2YLLDr/gg26Mw==

node-gyp-build@~4.1.0:
  version "4.1.1"
  resolved "https://registry.yarnpkg.com/node-gyp-build/-/node-gyp-build-4.1.1.tgz#d7270b5d86717068d114cc57fff352f96d745feb"
  integrity sha512-dSq1xmcPDKPZ2EED2S6zw/b9NKsqzXRE6dVr8TVQnI3FJOTteUMuqF3Qqs6LZg+mLGYJWqQzMbIjMtJqTv87nQ==

opencollective-postinstall@^2.0.0:
  version "2.0.2"
  resolved "https://registry.yarnpkg.com/opencollective-postinstall/-/opencollective-postinstall-2.0.2.tgz#5657f1bede69b6e33a45939b061eb53d3c6c3a89"
  integrity sha512-pVOEP16TrAO2/fjej1IdOyupJY8KDUM1CvsaScRbw6oddvpQoOfGk4ywha0HKKVAD6RkW4x6Q+tNBwhf3Bgpuw==

pouchdb@^7.2.1:
  version "7.2.1"
  resolved "https://registry.yarnpkg.com/pouchdb/-/pouchdb-7.2.1.tgz#619e3d5c2463ddd94a4b1bf40d44408c46e9de79"
  integrity sha512-AoDPdr6tFqj3xs7oiD2oioYj5MMu87c3UemRHZ/p++BwU+ZsKn5jpnL09OvWTLvMvaICGAOufiaUzmM1/KKoKQ==
  dependencies:
    abort-controller "3.0.0"
    argsarray "0.0.1"
    buffer-from "1.1.0"
    clone-buffer "1.0.0"
    double-ended-queue "2.1.0-0"
    fetch-cookie "0.7.3"
    immediate "3.0.6"
    inherits "2.0.4"
    level "6.0.0"
    level-codec "9.0.1"
    level-write-stream "1.0.0"
    leveldown "5.4.1"
    levelup "4.1.0"
    ltgt "2.2.1"
    node-fetch "2.4.1"
    readable-stream "1.0.33"
    spark-md5 "3.0.0"
    through2 "3.0.1"
    uuid "3.3.3"
    vuvuzela "1.0.3"

prr@~1.0.1:
  version "1.0.1"
  resolved "https://registry.yarnpkg.com/prr/-/prr-1.0.1.tgz#d3fc114ba06995a45ec6893f484ceb1d78f5f476"
  integrity sha1-0/wRS6BplaRexok/SEzrHXj19HY=

psl@^1.1.28:
  version "1.8.0"
  resolved "https://registry.yarnpkg.com/psl/-/psl-1.8.0.tgz#9326f8bcfb013adcc005fdff056acce020e51c24"
  integrity sha512-RIdOzyoavK+hA18OGGWDqUTsCLhtA7IcZ/6NCs4fFJaHBDab+pDDmDIByWFRQJq2Cd7r1OoQxBGKOaztq+hjIQ==

punycode@^2.1.1:
  version "2.1.1"
  resolved "https://registry.yarnpkg.com/punycode/-/punycode-2.1.1.tgz#b58b010ac40c22c5657616c8d2c2c02c7bf479ec"
  integrity sha512-XRsRjdf+j5ml+y/6GKHPZbrF/8p2Yga0JPtdqTIY2Xe5ohJPD9saDJJLPvp9+NSBprVvevdXZybnj2cv8OEd0A==

readable-stream@1.0.33:
  version "1.0.33"
  resolved "https://registry.yarnpkg.com/readable-stream/-/readable-stream-1.0.33.tgz#3a360dd66c1b1d7fd4705389860eda1d0f61126c"
  integrity sha1-OjYN1mwbHX/UcFOJhg7aHQ9hEmw=
  dependencies:
    core-util-is "~1.0.0"
    inherits "~2.0.1"
    isarray "0.0.1"
    string_decoder "~0.10.x"

"readable-stream@2 || 3", readable-stream@^3.4.0:
  version "3.6.0"
  resolved "https://registry.yarnpkg.com/readable-stream/-/readable-stream-3.6.0.tgz#337bbda3adc0706bd3e024426a286d4b4b2c9198"
  integrity sha512-BViHy7LKeTz4oNnkcLJ+lVSL6vpiFeX6/d3oSH8zCW7UxP2onchk+vTGB143xuFjHS3deTgkKoXXymXqymiIdA==
  dependencies:
    inherits "^2.0.3"
    string_decoder "^1.1.1"
    util-deprecate "^1.0.1"

readable-stream@~0.0.2:
  version "0.0.4"
  resolved "https://registry.yarnpkg.com/readable-stream/-/readable-stream-0.0.4.tgz#f32d76e3fb863344a548d79923007173665b3b8d"
  integrity sha1-8y124/uGM0SlSNeZIwBxc2ZbO40=

safe-buffer@~5.2.0:
  version "5.2.0"
  resolved "https://registry.yarnpkg.com/safe-buffer/-/safe-buffer-5.2.0.tgz#b74daec49b1148f88c64b68d49b1e815c1f2f519"
  integrity sha512-fZEwUGbVl7kouZs1jCdMLdt95hdIv0ZeHg6L7qPeciMZhZ+/gdesW4wgTARkrFWEpspjEATAzUGPG8N2jJiwbg==

spark-md5@3.0.0:
  version "3.0.0"
  resolved "https://registry.yarnpkg.com/spark-md5/-/spark-md5-3.0.0.tgz#3722227c54e2faf24b1dc6d933cc144e6f71bfef"
  integrity sha1-NyIifFTi+vJLHcbZM8wUTm9xv+8=

string_decoder@^1.1.1:
  version "1.3.0"
  resolved "https://registry.yarnpkg.com/string_decoder/-/string_decoder-1.3.0.tgz#42f114594a46cf1a8e30b0a84f56c78c3edac21e"
  integrity sha512-hkRX8U1WjJFd8LsDJ2yQ/wWWxaopEsABU1XfkM8A+j0+85JAGppt16cr1Whg6KIbb4okU6Mql6BOj+uup/wKeA==
  dependencies:
    safe-buffer "~5.2.0"

string_decoder@~0.10.x:
  version "0.10.31"
  resolved "https://registry.yarnpkg.com/string_decoder/-/string_decoder-0.10.31.tgz#62e203bc41766c6c28c9fc84301dab1c5310fa94"
  integrity sha1-YuIDvEF2bGwoyfyEMB2rHFMQ+pQ=

through2@3.0.1:
  version "3.0.1"
  resolved "https://registry.yarnpkg.com/through2/-/through2-3.0.1.tgz#39276e713c3302edf9e388dd9c812dd3b825bd5a"
  integrity sha512-M96dvTalPT3YbYLaKaCuwu+j06D/8Jfib0o/PxbVt6Amhv3dUAtW6rTV1jPgJSBG83I/e04Y6xkVdVhSRhi0ww==
  dependencies:
    readable-stream "2 || 3"

tough-cookie@^2.3.3:
  version "2.5.0"
  resolved "https://registry.yarnpkg.com/tough-cookie/-/tough-cookie-2.5.0.tgz#cd9fb2a0aa1d5a12b473bd9fb96fa3dcff65ade2"
  integrity sha512-nlLsUzgm1kfLXSXfRZMc1KLAugd4hqJHDTvc2hDIwS3mZAfMEuMbc03SujMF+GEcpaX/qboeycw6iO8JwVv2+g==
  dependencies:
    psl "^1.1.28"
    punycode "^2.1.1"

util-deprecate@^1.0.1:
  version "1.0.2"
  resolved "https://registry.yarnpkg.com/util-deprecate/-/util-deprecate-1.0.2.tgz#450d4dc9fa70de732762fbd2d4a28981419a0ccf"
  integrity sha1-RQ1Nyfpw3nMnYvvS1KKJgUGaDM8=

uuid@3.3.3:
  version "3.3.3"
  resolved "https://registry.yarnpkg.com/uuid/-/uuid-3.3.3.tgz#4568f0216e78760ee1dbf3a4d2cf53e224112866"
  integrity sha512-pW0No1RGHgzlpHJO1nsVrHKpOEIxkGg1xB+v0ZmdNH5OAeAwzAVrCnI2/6Mtx+Uys6iaylxa+D3g4j63IKKjSQ==

vuvuzela@1.0.3:
  version "1.0.3"
  resolved "https://registry.yarnpkg.com/vuvuzela/-/vuvuzela-1.0.3.tgz#3be145e58271c73ca55279dd851f12a682114b0b"
  integrity sha1-O+FF5YJxxzylUnndhR8SpoIRSws=

write-stream@~0.4.3:
  version "0.4.3"
  resolved "https://registry.yarnpkg.com/write-stream/-/write-stream-0.4.3.tgz#83cc8c0347d0af6057a93862b4e3ae01de5c81c1"
  integrity sha1-g8yMA0fQr2BXqThitOOuAd5cgcE=
  dependencies:
    readable-stream "~0.0.2"

xtend@^4.0.2, xtend@~4.0.0:
  version "4.0.2"
  resolved "https://registry.yarnpkg.com/xtend/-/xtend-4.0.2.tgz#bb72779f5fa465186b1f438f674fa347fdb5db54"
  integrity sha512-LKYU1iAXJXUgAXn9URjiu+MWhyUXHsvfp7mcuYm9dSUKK0/CjtrUwFAxD82/mCWbtLsGjFIad0wIsod4zrTAEQ==
